
Microsoft Visual Studio Solution File, Format Version 12.00
# Visual Studio Version 16
VisualStudioVersion = 16.0.31410.357
MinimumVisualStudioVersion = 10.0.40219.1
Project("{FAE04EC0-301F-11D3-BF4B-00C04F79EFBC}") = "Web410703549finalexam", "Web410703549finalexam\Web410703549finalexam.csproj", "{1E200E77-21EA-4572-912B-2255192BE3E7}"
EndProject
Global
	GlobalSection(SolutionConfigurationPlatforms) = preSolution
		Debug|Any CPU = Debug|Any CPU
		Release|Any CPU = Release|Any CPU
	EndGlobalSection
	GlobalSection(ProjectConfigurationPlatforms) = postSolution
		{1E200E77-21EA-4572-912B-2255192BE3E7}.Debug|Any CPU.ActiveCfg = Debug|Any CPU
		{1E200E77-21EA-4572-912B-2255192BE3E7}.Debug|Any CPU.Build.0 = Debug|Any CPU
		{1E200E77-21EA-4572-912B-2255192BE3E7}.Release|Any CPU.ActiveCfg = Release|Any CPU
		{1E200E77-21EA-4572-912B-2255192BE3E7}.Release|Any CPU.Build.0 = Release|Any CPU
	EndGlobalSection
	GlobalSection(SolutionProperties) = preSolution
		HideSolutionNode = FALSE
	EndGlobalSection
	GlobalSection(ExtensibilityGlobals) = postSolution
		SolutionGuid = {68717F7D-FE59-4CD9-AAB9-C43188FE1CFE}
	EndGlobalSection
EndGlobal
